git.fuyu.moe/Fuyu/assert v0.2.1 h1:F8faRzPp0AhzGDYzv0S6eehbRTb72dc0V2ZMMo39ryo=
git.fuyu.moe/Fuyu/assert v0.2.1/go.mod h1:Q/wfl8GbNF2ZRkaVOd4zcxr+1MTQ3UZLywWwaxxBzkk=
git.fuyu.moe/Fuyu/migrate/v2 v2.0.0 h1:E5VZcS44Ogr/jJQUwC7XH7Rj8zx1KQ5NC4AKrBlkp38=
git.fuyu.moe/Fuyu/migrate/v2 v2.0.0/go.mod h1:AMYLRyXRHVwGakeIgKp1AK0fNFKSFJD7GLXE4vlwZzU=
git.fuyu.moe/Fuyu/router v0.2.1 h1:ATzg81CaeUrjyheOslU85Q/4tIT4XOnLUjSOz3eifpU=
git.fuyu.moe/Fuyu/router v0.2.1/go.mod h1:762mTQRXLLqsnm/PHnOPmQbz5ntrODmBhxXV5r2wtlY=
git.ultraware.nl/NiseVoid/qb v2.6.0+incompatible h1:OsDZYU1E8NvRua5qdrgTafTnSWm3q5XgNNWw0AW57fU=
git.ultraware.nl/NiseVoid/qb v2.6.0+incompatible/go.mod h1:n0EmqW0v1D6bGDUw8N8wsfx+nIQt9Mc1sgSU8UExzP8=
github.com/caarlos0/env/v6 v6.7.1 h1:2r2GyonA8aJX6lDEhwFfpxwAX8Z3mvbE1X6vhaSzEyU=
github.com/caarlos0/env/v6 v6.7.1/go.mod h1:FE0jGiAnQqtv2TenJ4KTa8+/T2Ss8kdS5s1VEjasoN0=
github.com/godbus/dbus/v5 v5.0.4 h1:9349emZab16e7zQvpmsbtjc18ykshndd8y2PG3sgJbA=
github.com/godbus/dbus/v5 v5.0.4/go.mod h1:xhWf0FNVPg57R7Z0UbKHbJfkEywrmjJnf7w5xrFpKfA=
github.com/google/go-cmp v0.4.0 h1:xsAVV57WRhGj6kEIi8ReJzQlHHqcBYCElAvkovg3B/4=
github.com/google/go-cmp v0.4.0/go.mod h1:v8dTdLbMG2kIc/vJvl+f65V22dbkXbowE6jgT/gNBxE=
github.com/julienschmidt/httprouter v1.3.0 h1:U0609e9tgbseu3rBINet9P48AI/D3oJs4dN7jwJOQ1U=
github.com/julienschmidt/httprouter v1.3.0/go.mod h1:JR6WtHb+2LUe8TCKY3cZOxFyyO8IZAc4RVcycCCAKdM=
github.com/lib/pq v1.10.3 h1:v9QZf2Sn6AmjXtQeFpdoq/eaNtYP6IN+7lcrygsIAtg=
github.com/lib/pq v1.10.3/go.mod h1:AlVN5x4E4T544tWzH6hKfbfQvm3HdbOxrmggDNAPY9o=
github.com/matryer/is v1.4.0 h1:sosSmIWwkYITGrxZ25ULNDeKiMNzFSr4V/eqBQP0PeE=
golang.org/x/xerrors v0.0.0-20191204190536-9bdfabe68543/go.mod h1:I/5z698sn9Ka8TeJc9MKroUUfqBBauWjQqLJ2OPfmY0=
